
Microsoft Visual Studio Solution File, Format Version 12.00
# Visual Studio Version 17
VisualStudioVersion = 17.7.34202.233
MinimumVisualStudioVersion = 10.0.40219.1
Project("{9A19103F-16F7-4668-BE54-9A1E7A4F7556}") = "OOP1", "OOP1.csproj", "{7DAF272F-F09C-4BA3-98DA-7234A3F5F9CC}"
EndProject
Project("{9A19103F-16F7-4668-BE54-9A1E7A4F7556}") = "Collections", "..\Collections\Collections.csproj", "{366DBC57-74F0-4EA6-8A31-E8E942ECB03A}"
EndProject
Project("{FAE04EC0-301F-11D3-BF4B-00C04F79EFBC}") = "GenericsIntro", "..\GenericsIntro\GenericsIntro.csproj", "{C08D795F-5B42-44D5-9173-4B19A93DC49C}"
EndProject
Global
	GlobalSection(SolutionConfigurationPlatforms) = preSolution
		Debug|Any CPU = Debug|Any CPU
		Release|Any CPU = Release|Any CPU
	EndGlobalSection
	GlobalSection(ProjectConfigurationPlatforms) = postSolution
		{7DAF272F-F09C-4BA3-98DA-7234A3F5F9CC}.Debug|Any CPU.ActiveCfg = Debug|Any CPU
		{7DAF272F-F09C-4BA3-98DA-7234A3F5F9CC}.Debug|Any CPU.Build.0 = Debug|Any CPU
		{7DAF272F-F09C-4BA3-98DA-7234A3F5F9CC}.Release|Any CPU.ActiveCfg = Release|Any CPU
		{7DAF272F-F09C-4BA3-98DA-7234A3F5F9CC}.Release|Any CPU.Build.0 = Release|Any CPU
		{366DBC57-74F0-4EA6-8A31-E8E942ECB03A}.Debug|Any CPU.ActiveCfg = Debug|Any CPU
		{366DBC57-74F0-4EA6-8A31-E8E942ECB03A}.Debug|Any CPU.Build.0 = Debug|Any CPU
		{366DBC57-74F0-4EA6-8A31-E8E942ECB03A}.Release|Any CPU.ActiveCfg = Release|Any CPU
		{366DBC57-74F0-4EA6-8A31-E8E942ECB03A}.Release|Any CPU.Build.0 = Release|Any CPU
		{C08D795F-5B42-44D5-9173-4B19A93DC49C}.Debug|Any CPU.ActiveCfg = Debug|Any CPU
		{C08D795F-5B42-44D5-9173-4B19A93DC49C}.Debug|Any CPU.Build.0 = Debug|Any CPU
		{C08D795F-5B42-44D5-9173-4B19A93DC49C}.Release|Any CPU.ActiveCfg = Release|Any CPU
		{C08D795F-5B42-44D5-9173-4B19A93DC49C}.Release|Any CPU.Build.0 = Release|Any CPU
	EndGlobalSection
	GlobalSection(SolutionProperties) = preSolution
		HideSolutionNode = FALSE
	EndGlobalSection
	GlobalSection(ExtensibilityGlobals) = postSolution
		SolutionGuid = {F393908A-038C-489C-9DF1-C37466C10A90}
	EndGlobalSection
EndGlobal
