
Microsoft Visual Studio Solution File, Format Version 12.00
# Visual Studio Version 17
VisualStudioVersion = 17.7.34202.233
MinimumVisualStudioVersion = 10.0.40219.1
Project("{FAE04EC0-301F-11D3-BF4B-00C04F79EFBC}") = "Metotlar", "Metotlar.csproj", "{64746B55-E1EF-472D-A0DE-07004253B211}"
EndProject
Project("{FAE04EC0-301F-11D3-BF4B-00C04F79EFBC}") = "Matematik", "..\Matematik\Matematik.csproj", "{C54CD880-068E-41D5-8A6F-B2EABA1AEB20}"
EndProject
Project("{FAE04EC0-301F-11D3-BF4B-00C04F79EFBC}") = "DegerVeReferansTipler", "..\DegerVeReferansTipler\DegerVeReferansTipler.csproj", "{6764806D-04EA-46B0-BB02-BC3FA56706E0}"
EndProject
Global
	GlobalSection(SolutionConfigurationPlatforms) = preSolution
		Debug|Any CPU = Debug|Any CPU
		Release|Any CPU = Release|Any CPU
	EndGlobalSection
	GlobalSection(ProjectConfigurationPlatforms) = postSolution
		{64746B55-E1EF-472D-A0DE-07004253B211}.Debug|Any CPU.ActiveCfg = Debug|Any CPU
		{64746B55-E1EF-472D-A0DE-07004253B211}.Debug|Any CPU.Build.0 = Debug|Any CPU
		{64746B55-E1EF-472D-A0DE-07004253B211}.Release|Any CPU.ActiveCfg = Release|Any CPU
		{64746B55-E1EF-472D-A0DE-07004253B211}.Release|Any CPU.Build.0 = Release|Any CPU
		{C54CD880-068E-41D5-8A6F-B2EABA1AEB20}.Debug|Any CPU.ActiveCfg = Debug|Any CPU
		{C54CD880-068E-41D5-8A6F-B2EABA1AEB20}.Debug|Any CPU.Build.0 = Debug|Any CPU
		{C54CD880-068E-41D5-8A6F-B2EABA1AEB20}.Release|Any CPU.ActiveCfg = Release|Any CPU
		{C54CD880-068E-41D5-8A6F-B2EABA1AEB20}.Release|Any CPU.Build.0 = Release|Any CPU
		{6764806D-04EA-46B0-BB02-BC3FA56706E0}.Debug|Any CPU.ActiveCfg = Debug|Any CPU
		{6764806D-04EA-46B0-BB02-BC3FA56706E0}.Debug|Any CPU.Build.0 = Debug|Any CPU
		{6764806D-04EA-46B0-BB02-BC3FA56706E0}.Release|Any CPU.ActiveCfg = Release|Any CPU
		{6764806D-04EA-46B0-BB02-BC3FA56706E0}.Release|Any CPU.Build.0 = Release|Any CPU
	EndGlobalSection
	GlobalSection(SolutionProperties) = preSolution
		HideSolutionNode = FALSE
	EndGlobalSection
	GlobalSection(ExtensibilityGlobals) = postSolution
		SolutionGuid = {EB8C4363-39F7-445C-9656-A8D234DB04EC}
	EndGlobalSection
EndGlobal
