
Microsoft Visual Studio Solution File, Format Version 12.00
# Visual Studio Version 17
VisualStudioVersion = 17.7.34202.233
MinimumVisualStudioVersion = 10.0.40219.1
Project("{9A19103F-16F7-4668-BE54-9A1E7A4F7556}") = "DataAccess", "DataAccess\DataAccess.csproj", "{37A8FF55-7F47-445A-AF87-7DB448074278}"
EndProject
Project("{9A19103F-16F7-4668-BE54-9A1E7A4F7556}") = "Business", "Business\Business.csproj", "{D15EF3E0-631B-42E4-AF0B-232A645144E3}"
EndProject
Project("{9A19103F-16F7-4668-BE54-9A1E7A4F7556}") = "Entities", "Entities\Entities.csproj", "{DCC973D5-821C-4ADC-889D-2D254AF49C51}"
EndProject
Project("{9A19103F-16F7-4668-BE54-9A1E7A4F7556}") = "ConsoleUI", "ConsoleUI\ConsoleUI.csproj", "{60C3191E-CBA9-43FE-B87F-2DFCD3468388}"
EndProject
Project("{9A19103F-16F7-4668-BE54-9A1E7A4F7556}") = "Core", "Core\Core.csproj", "{569A3E87-74D0-45D2-AE72-7F83F53C2E27}"
EndProject
Project("{FAE04EC0-301F-11D3-BF4B-00C04F79EFBC}") = "WebAPI", "WebAPI\WebAPI.csproj", "{33C9ED0C-AAEE-42E4-AB61-E910C4769E88}"
EndProject
Global
	GlobalSection(SolutionConfigurationPlatforms) = preSolution
		Debug|Any CPU = Debug|Any CPU
		Release|Any CPU = Release|Any CPU
	EndGlobalSection
	GlobalSection(ProjectConfigurationPlatforms) = postSolution
		{37A8FF55-7F47-445A-AF87-7DB448074278}.Debug|Any CPU.ActiveCfg = Debug|Any CPU
		{37A8FF55-7F47-445A-AF87-7DB448074278}.Debug|Any CPU.Build.0 = Debug|Any CPU
		{37A8FF55-7F47-445A-AF87-7DB448074278}.Release|Any CPU.ActiveCfg = Release|Any CPU
		{37A8FF55-7F47-445A-AF87-7DB448074278}.Release|Any CPU.Build.0 = Release|Any CPU
		{D15EF3E0-631B-42E4-AF0B-232A645144E3}.Debug|Any CPU.ActiveCfg = Debug|Any CPU
		{D15EF3E0-631B-42E4-AF0B-232A645144E3}.Debug|Any CPU.Build.0 = Debug|Any CPU
		{D15EF3E0-631B-42E4-AF0B-232A645144E3}.Release|Any CPU.ActiveCfg = Release|Any CPU
		{D15EF3E0-631B-42E4-AF0B-232A645144E3}.Release|Any CPU.Build.0 = Release|Any CPU
		{DCC973D5-821C-4ADC-889D-2D254AF49C51}.Debug|Any CPU.ActiveCfg = Debug|Any CPU
		{DCC973D5-821C-4ADC-889D-2D254AF49C51}.Debug|Any CPU.Build.0 = Debug|Any CPU
		{DCC973D5-821C-4ADC-889D-2D254AF49C51}.Release|Any CPU.ActiveCfg = Release|Any CPU
		{DCC973D5-821C-4ADC-889D-2D254AF49C51}.Release|Any CPU.Build.0 = Release|Any CPU
		{60C3191E-CBA9-43FE-B87F-2DFCD3468388}.Debug|Any CPU.ActiveCfg = Debug|Any CPU
		{60C3191E-CBA9-43FE-B87F-2DFCD3468388}.Debug|Any CPU.Build.0 = Debug|Any CPU
		{60C3191E-CBA9-43FE-B87F-2DFCD3468388}.Release|Any CPU.ActiveCfg = Release|Any CPU
		{60C3191E-CBA9-43FE-B87F-2DFCD3468388}.Release|Any CPU.Build.0 = Release|Any CPU
		{569A3E87-74D0-45D2-AE72-7F83F53C2E27}.Debug|Any CPU.ActiveCfg = Debug|Any CPU
		{569A3E87-74D0-45D2-AE72-7F83F53C2E27}.Debug|Any CPU.Build.0 = Debug|Any CPU
		{569A3E87-74D0-45D2-AE72-7F83F53C2E27}.Release|Any CPU.ActiveCfg = Release|Any CPU
		{569A3E87-74D0-45D2-AE72-7F83F53C2E27}.Release|Any CPU.Build.0 = Release|Any CPU
		{33C9ED0C-AAEE-42E4-AB61-E910C4769E88}.Debug|Any CPU.ActiveCfg = Debug|Any CPU
		{33C9ED0C-AAEE-42E4-AB61-E910C4769E88}.Debug|Any CPU.Build.0 = Debug|Any CPU
		{33C9ED0C-AAEE-42E4-AB61-E910C4769E88}.Release|Any CPU.ActiveCfg = Release|Any CPU
		{33C9ED0C-AAEE-42E4-AB61-E910C4769E88}.Release|Any CPU.Build.0 = Release|Any CPU
	EndGlobalSection
	GlobalSection(SolutionProperties) = preSolution
		HideSolutionNode = FALSE
	EndGlobalSection
	GlobalSection(ExtensibilityGlobals) = postSolution
		SolutionGuid = {D7E04B7F-C285-4AC6-984C-FE33D0F72CF9}
	EndGlobalSection
EndGlobal
